// !$*UTF8*$!
{
	archiveVersion = 1;
	classes = {
	};
	objectVersion = 48;
	objects = {

/* Begin PBXBuildFile section */
		592162B41F33BF5E006BF5C2 /* StaticLibraryNetworkingClass.m in Sources */ = {isa = PBXBuildFile; fileRef = 592162B31F33BF5E006BF5C2 /* StaticLibraryNetworkingClass.m */; };
		592162B51F33C0DC006BF5C2 /* StaticLibraryNetworkingClass.h in CopyFiles */ = {isa = PBXBuildFile; fileRef = 592162B21F33BF5E006BF5C2 /* StaticLibraryNetworkingClass.h */; };
		592162B71F33CE65006BF5C2 /* StaticLibraryModule.h in CopyFiles */ = {isa = PBXBuildFile; fileRef = 592162B61F33CE5A006BF5C2 /* StaticLibraryModule.h */; };
		59484C831F33A5F700381B6A /* FrameworkModule.h in Headers */ = {isa = PBXBuildFile; fileRef = 59484C811F33A5F700381B6A /* FrameworkModule.h */; settings = {ATTRIBUTES = (Public, ); }; };
		59484C891F33A76500381B6A /* SomeFrameworkClass.h in Headers */ = {isa = PBXBuildFile; fileRef = 59484C871F33A76500381B6A /* SomeFrameworkClass.h */; settings = {ATTRIBUTES = (Public, ); }; };
		59484C8A1F33A76500381B6A /* SomeFrameworkClass.m in Sources */ = {isa = PBXBuildFile; fileRef = 59484C881F33A76500381B6A /* SomeFrameworkClass.m */; };
		59484C921F33A88000381B6A /* AppDelegate.swift in Sources */ = {isa = PBXBuildFile; fileRef = 59484C911F33A88000381B6A /* AppDelegate.swift */; };
		59484C941F33A88000381B6A /* ViewController.swift in Sources */ = {isa = PBXBuildFile; fileRef = 59484C931F33A88000381B6A /* ViewController.swift */; };
		59484C971F33A88000381B6A /* Main.storyboard in Resources */ = {isa = PBXBuildFile; fileRef = 59484C951F33A88000381B6A /* Main.storyboard */; };
		59484C991F33A88000381B6A /* Assets.xcassets in Resources */ = {isa = PBXBuildFile; fileRef = 59484C981F33A88000381B6A /* Assets.xcassets */; };
		59484C9C1F33A88000381B6A /* LaunchScreen.storyboard in Resources */ = {isa = PBXBuildFile; fileRef = 59484C9A1F33A88000381B6A /* LaunchScreen.storyboard */; };
		59484CA31F33A89300381B6A /* FrameworkModule.framework in Frameworks */ = {isa = PBXBuildFile; fileRef = 59484C7F1F33A5F700381B6A /* FrameworkModule.framework */; };
		59484CAB1F33AE5800381B6A /* AppDelegate.swift in Sources */ = {isa = PBXBuildFile; fileRef = 59484CAA1F33AE5800381B6A /* AppDelegate.swift */; };
		59484CAD1F33AE5800381B6A /* ViewController.swift in Sources */ = {isa = PBXBuildFile; fileRef = 59484CAC1F33AE5800381B6A /* ViewController.swift */; };
		59484CB01F33AE5800381B6A /* Main.storyboard in Resources */ = {isa = PBXBuildFile; fileRef = 59484CAE1F33AE5800381B6A /* Main.storyboard */; };
		59484CB21F33AE5800381B6A /* Assets.xcassets in Resources */ = {isa = PBXBuildFile; fileRef = 59484CB11F33AE5800381B6A /* Assets.xcassets */; };
		59484CB51F33AE5800381B6A /* LaunchScreen.storyboard in Resources */ = {isa = PBXBuildFile; fileRef = 59484CB31F33AE5800381B6A /* LaunchScreen.storyboard */; };
		59484CBC1F33AE7200381B6A /* libStaticLibraryModule.a in Frameworks */ = {isa = PBXBuildFile; fileRef = 59484C711F33A5EE00381B6A /* libStaticLibraryModule.a */; };
		59484CBF1F33AFAF00381B6A /* StaticLibraryModelClass.m in Sources */ = {isa = PBXBuildFile; fileRef = 59484CBE1F33AFAF00381B6A /* StaticLibraryModelClass.m */; };
		59484CC21F33B02B00381B6A /* module.modulemap in CopyFiles */ = {isa = PBXBuildFile; fileRef = 59484CC11F33B02200381B6A /* module.modulemap */; };
		59484CC31F33B07400381B6A /* StaticLibraryModelClass.h in CopyFiles */ = {isa = PBXBuildFile; fileRef = 59484CBD1F33AFAF00381B6A /* StaticLibraryModelClass.h */; };
/* End PBXBuildFile section */

/* Begin PBXContainerItemProxy section */
		59484CA11F33A88E00381B6A /* PBXContainerItemProxy */ = {
			isa = PBXContainerItemProxy;
			containerPortal = 59484C591F33A5DA00381B6A /* Project object */;
			proxyType = 1;
			remoteGlobalIDString = 59484C7E1F33A5F700381B6A;
			remoteInfo = FrameworkModule;
		};
		59484CBA1F33AE6E00381B6A /* PBXContainerItemProxy */ = {
			isa = PBXContainerItemProxy;
			containerPortal = 59484C591F33A5DA00381B6A /* Project object */;
			proxyType = 1;
			remoteGlobalIDString = 59484C701F33A5EE00381B6A;
			remoteInfo = StaticLibraryModule;
		};
/* End PBXContainerItemProxy section */

/* Begin PBXCopyFilesBuildPhase section */
		59484C6F1F33A5EE00381B6A /* CopyFiles */ = {
			isa = PBXCopyFilesBuildPhase;
			buildActionMask = 2147483647;
			dstPath = "include/$(PRODUCT_NAME)";
			dstSubfolderSpec = 16;
			files = (
				592162B71F33CE65006BF5C2 /* StaticLibraryModule.h in CopyFiles */,
				592162B51F33C0DC006BF5C2 /* StaticLibraryNetworkingClass.h in CopyFiles */,
				59484CC31F33B07400381B6A /* StaticLibraryModelClass.h in CopyFiles */,
				59484CC21F33B02B00381B6A /* module.modulemap in CopyFiles */,
			);
			runOnlyForDeploymentPostprocessing = 0;
		};
/* End PBXCopyFilesBuildPhase section */

/* Begin PBXFileReference section */
		592162B21F33BF5E006BF5C2 /* StaticLibraryNetworkingClass.h */ = {isa = PBXFileReference; lastKnownFileType = sourcecode.c.h; path = StaticLibraryNetworkingClass.h; sourceTree = "<group>"; };
		592162B31F33BF5E006BF5C2 /* StaticLibraryNetworkingClass.m */ = {isa = PBXFileReference; lastKnownFileType = sourcecode.c.objc; path = StaticLibraryNetworkingClass.m; sourceTree = "<group>"; };
		592162B61F33CE5A006BF5C2 /* StaticLibraryModule.h */ = {isa = PBXFileReference; lastKnownFileType = sourcecode.c.h; path = StaticLibraryModule.h; sourceTree = "<group>"; };
		59484C711F33A5EE00381B6A /* libStaticLibraryModule.a */ = {isa = PBXFileReference; explicitFileType = archive.ar; includeInIndex = 0; path = libStaticLibraryModule.a; sourceTree = BUILT_PRODUCTS_DIR; };
		59484C7F1F33A5F700381B6A /* FrameworkModule.framework */ = {isa = PBXFileReference; explicitFileType = wrapper.framework; includeInIndex = 0; path = FrameworkModule.framework; sourceTree = BUILT_PRODUCTS_DIR; };
		59484C811F33A5F700381B6A /* FrameworkModule.h */ = {isa = PBXFileReference; lastKnownFileType = sourcecode.c.h; path = FrameworkModule.h; sourceTree = "<group>"; };
		59484C821F33A5F700381B6A /* Info.plist */ = {isa = PBXFileReference; lastKnownFileType = text.plist.xml; path = Info.plist; sourceTree = "<group>"; };
		59484C871F33A76500381B6A /* SomeFrameworkClass.h */ = {isa = PBXFileReference; lastKnownFileType = sourcecode.c.h; path = SomeFrameworkClass.h; sourceTree = "<group>"; };
		59484C881F33A76500381B6A /* SomeFrameworkClass.m */ = {isa = PBXFileReference; lastKnownFileType = sourcecode.c.objc; path = SomeFrameworkClass.m; sourceTree = "<group>"; };
		59484C8F1F33A88000381B6A /* FrameworkModuleConsumer.app */ = {isa = PBXFileReference; explicitFileType = wrapper.application; includeInIndex = 0; path = FrameworkModuleConsumer.app; sourceTree = BUILT_PRODUCTS_DIR; };
		59484C911F33A88000381B6A /* AppDelegate.swift */ = {isa = PBXFileReference; lastKnownFileType = sourcecode.swift; path = AppDelegate.swift; sourceTree = "<group>"; };
		59484C931F33A88000381B6A /* ViewController.swift */ = {isa = PBXFileReference; lastKnownFileType = sourcecode.swift; path = ViewController.swift; sourceTree = "<group>"; };
		59484C961F33A88000381B6A /* Base */ = {isa = PBXFileReference; lastKnownFileType = file.storyboard; name = Base; path = Base.lproj/Main.storyboard; sourceTree = "<group>"; };
		59484C981F33A88000381B6A /* Assets.xcassets */ = {isa = PBXFileReference; lastKnownFileType = folder.assetcatalog; path = Assets.xcassets; sourceTree = "<group>"; };
		59484C9B1F33A88000381B6A /* Base */ = {isa = PBXFileReference; lastKnownFileType = file.storyboard; name = Base; path = Base.lproj/LaunchScreen.storyboard; sourceTree = "<group>"; };
		59484C9D1F33A88000381B6A /* Info.plist */ = {isa = PBXFileReference; lastKnownFileType = text.plist.xml; path = Info.plist; sourceTree = "<group>"; };
		59484CA81F33AE5800381B6A /* StaticLibraryModuleConsumer.app */ = {isa = PBXFileReference; explicitFileType = wrapper.application; includeInIndex = 0; path = StaticLibraryModuleConsumer.app; sourceTree = BUILT_PRODUCTS_DIR; };
		59484CAA1F33AE5800381B6A /* AppDelegate.swift */ = {isa = PBXFileReference; lastKnownFileType = sourcecode.swift; path = AppDelegate.swift; sourceTree = "<group>"; };
		59484CAC1F33AE5800381B6A /* ViewController.swift */ = {isa = PBXFileReference; lastKnownFileType = sourcecode.swift; path = ViewController.swift; sourceTree = "<group>"; };
		59484CAF1F33AE5800381B6A /* Base */ = {isa = PBXFileReference; lastKnownFileType = file.storyboard; name = Base; path = Base.lproj/Main.storyboard; sourceTree = "<group>"; };
		59484CB11F33AE5800381B6A /* Assets.xcassets */ = {isa = PBXFileReference; lastKnownFileType = folder.assetcatalog; path = Assets.xcassets; sourceTree = "<group>"; };
		59484CB41F33AE5800381B6A /* Base */ = {isa = PBXFileReference; lastKnownFileType = file.storyboard; name = Base; path = Base.lproj/LaunchScreen.storyboard; sourceTree = "<group>"; };
		59484CB61F33AE5800381B6A /* Info.plist */ = {isa = PBXFileReference; lastKnownFileType = text.plist.xml; path = Info.plist; sourceTree = "<group>"; };
		59484CBD1F33AFAF00381B6A /* StaticLibraryModelClass.h */ = {isa = PBXFileReference; lastKnownFileType = sourcecode.c.h; path = StaticLibraryModelClass.h; sourceTree = "<group>"; };
		59484CBE1F33AFAF00381B6A /* StaticLibraryModelClass.m */ = {isa = PBXFileReference; lastKnownFileType = sourcecode.c.objc; path = StaticLibraryModelClass.m; sourceTree = "<group>"; };
		59484CC11F33B02200381B6A /* module.modulemap */ = {isa = PBXFileReference; lastKnownFileType = "sourcecode.module-map"; path = module.modulemap; sourceTree = "<group>"; };
/* End PBXFileReference section */

/* Begin PBXFrameworksBuildPhase section */
		59484C6E1F33A5EE00381B6A /* Frameworks */ = {
			isa = PBXFrameworksBuildPhase;
			buildActionMask = 2147483647;
			files = (
			);
			runOnlyForDeploymentPostprocessing = 0;
		};
		59484C7B1F33A5F700381B6A /* Frameworks */ = {
			isa = PBXFrameworksBuildPhase;
			buildActionMask = 2147483647;
			files = (
			);
			runOnlyForDeploymentPostprocessing = 0;
		};
		59484C8C1F33A88000381B6A /* Frameworks */ = {
			isa = PBXFrameworksBuildPhase;
			buildActionMask = 2147483647;
			files = (
				59484CA31F33A89300381B6A /* FrameworkModule.framework in Frameworks */,
			);
			runOnlyForDeploymentPostprocessing = 0;
		};
		59484CA51F33AE5800381B6A /* Frameworks */ = {
			isa = PBXFrameworksBuildPhase;
			buildActionMask = 2147483647;
			files = (
				59484CBC1F33AE7200381B6A /* libStaticLibraryModule.a in Frameworks */,
			);
			runOnlyForDeploymentPostprocessing = 0;
		};
/* End PBXFrameworksBuildPhase section */

/* Begin PBXGroup section */
		59484C581F33A5DA00381B6A = {
			isa = PBXGroup;
			children = (
				59484C721F33A5EE00381B6A /* StaticLibraryModule */,
				59484CA91F33AE5800381B6A /* StaticLibraryModuleConsumer */,
				59484C801F33A5F700381B6A /* FrameworkModule */,
				59484C901F33A88000381B6A /* FrameworkModuleConsumer */,
				59484C631F33A5DA00381B6A /* Products */,
			);
			sourceTree = "<group>";
		};
		59484C631F33A5DA00381B6A /* Products */ = {
			isa = PBXGroup;
			children = (
				59484C711F33A5EE00381B6A /* libStaticLibraryModule.a */,
				59484C7F1F33A5F700381B6A /* FrameworkModule.framework */,
				59484C8F1F33A88000381B6A /* FrameworkModuleConsumer.app */,
				59484CA81F33AE5800381B6A /* StaticLibraryModuleConsumer.app */,
			);
			name = Products;
			sourceTree = "<group>";
		};
		59484C721F33A5EE00381B6A /* StaticLibraryModule */ = {
			isa = PBXGroup;
			children = (
				592162B61F33CE5A006BF5C2 /* StaticLibraryModule.h */,
				59484CBD1F33AFAF00381B6A /* StaticLibraryModelClass.h */,
				59484CBE1F33AFAF00381B6A /* StaticLibraryModelClass.m */,
				592162B21F33BF5E006BF5C2 /* StaticLibraryNetworkingClass.h */,
				592162B31F33BF5E006BF5C2 /* StaticLibraryNetworkingClass.m */,
				59484CC11F33B02200381B6A /* module.modulemap */,
			);
			path = StaticLibraryModule;
			sourceTree = "<group>";
		};
		59484C801F33A5F700381B6A /* FrameworkModule */ = {
			isa = PBXGroup;
			children = (
				59484C811F33A5F700381B6A /* FrameworkModule.h */,
				59484C821F33A5F700381B6A /* Info.plist */,
				59484C871F33A76500381B6A /* SomeFrameworkClass.h */,
				59484C881F33A76500381B6A /* SomeFrameworkClass.m */,
			);
			path = FrameworkModule;
			sourceTree = "<group>";
		};
		59484C901F33A88000381B6A /* FrameworkModuleConsumer */ = {
			isa = PBXGroup;
			children = (
				59484C911F33A88000381B6A /* AppDelegate.swift */,
				59484C931F33A88000381B6A /* ViewController.swift */,
				59484C951F33A88000381B6A /* Main.storyboard */,
				59484C981F33A88000381B6A /* Assets.xcassets */,
				59484C9A1F33A88000381B6A /* LaunchScreen.storyboard */,
				59484C9D1F33A88000381B6A /* Info.plist */,
			);
			path = FrameworkModuleConsumer;
			sourceTree = "<group>";
		};
		59484CA91F33AE5800381B6A /* StaticLibraryModuleConsumer */ = {
			isa = PBXGroup;
			children = (
				59484CAA1F33AE5800381B6A /* AppDelegate.swift */,
				59484CAC1F33AE5800381B6A /* ViewController.swift */,
				59484CAE1F33AE5800381B6A /* Main.storyboard */,
				59484CB11F33AE5800381B6A /* Assets.xcassets */,
				59484CB31F33AE5800381B6A /* LaunchScreen.storyboard */,
				59484CB61F33AE5800381B6A /* Info.plist */,
			);
			path = StaticLibraryModuleConsumer;
			sourceTree = "<group>";
		};
/* End PBXGroup section */

/* Begin PBXHeadersBuildPhase section */
		59484C7C1F33A5F700381B6A /* Headers */ = {
			isa = PBXHeadersBuildPhase;
			buildActionMask = 2147483647;
			files = (
				59484C891F33A76500381B6A /* SomeFrameworkClass.h in Headers */,
				59484C831F33A5F700381B6A /* FrameworkModule.h in Headers */,
			);
			runOnlyForDeploymentPostprocessing = 0;
		};
/* End PBXHeadersBuildPhase section */

/* Begin PBXNativeTarget section */
		59484C701F33A5EE00381B6A /* StaticLibraryModule */ = {
			isa = PBXNativeTarget;
			buildConfigurationList = 59484C771F33A5EE00381B6A /* Build configuration list for PBXNativeTarget "StaticLibraryModule" */;
			buildPhases = (
				59484C6D1F33A5EE00381B6A /* Sources */,
				59484C6E1F33A5EE00381B6A /* Frameworks */,
				59484C6F1F33A5EE00381B6A /* CopyFiles */,
			);
			buildRules = (
			);
			dependencies = (
			);
			name = StaticLibraryModule;
			productName = StaticLibraryModule;
			productReference = 59484C711F33A5EE00381B6A /* libStaticLibraryModule.a */;
			productType = "com.apple.product-type.library.static";
		};
		59484C7E1F33A5F700381B6A /* FrameworkModule */ = {
			isa = PBXNativeTarget;
			buildConfigurationList = 59484C841F33A5F700381B6A /* Build configuration list for PBXNativeTarget "FrameworkModule" */;
			buildPhases = (
				59484C7A1F33A5F700381B6A /* Sources */,
				59484C7B1F33A5F700381B6A /* Frameworks */,
				59484C7C1F33A5F700381B6A /* Headers */,
				59484C7D1F33A5F700381B6A /* Resources */,
			);
			buildRules = (
			);
			dependencies = (
			);
			name = FrameworkModule;
			productName = FrameworkModule;
			productReference = 59484C7F1F33A5F700381B6A /* FrameworkModule.framework */;
			productType = "com.apple.product-type.framework";
		};
		59484C8E1F33A88000381B6A /* FrameworkModuleConsumer */ = {
			isa = PBXNativeTarget;
			buildConfigurationList = 59484C9E1F33A88000381B6A /* Build configuration list for PBXNativeTarget "FrameworkModuleConsumer" */;
			buildPhases = (
				59484C8B1F33A88000381B6A /* Sources */,
				59484C8C1F33A88000381B6A /* Frameworks */,
				59484C8D1F33A88000381B6A /* Resources */,
			);
			buildRules = (
			);
			dependencies = (
				59484CA21F33A88E00381B6A /* PBXTargetDependency */,
			);
			name = FrameworkModuleConsumer;
			productName = FrameworkModuleConsumer;
			productReference = 59484C8F1F33A88000381B6A /* FrameworkModuleConsumer.app */;
			productType = "com.apple.product-type.application";
		};
		59484CA71F33AE5800381B6A /* StaticLibraryModuleConsumer */ = {
			isa = PBXNativeTarget;
			buildConfigurationList = 59484CB71F33AE5800381B6A /* Build configuration list for PBXNativeTarget "StaticLibraryModuleConsumer" */;
			buildPhases = (
				59484CA41F33AE5800381B6A /* Sources */,
				59484CA51F33AE5800381B6A /* Frameworks */,
				59484CA61F33AE5800381B6A /* Resources */,
			);
			buildRules = (
			);
			dependencies = (
				59484CBB1F33AE6E00381B6A /* PBXTargetDependency */,
			);
			name = StaticLibraryModuleConsumer;
			productName = StaticLibraryModuleConsumer;
			productReference = 59484CA81F33AE5800381B6A /* StaticLibraryModuleConsumer.app */;
			productType = "com.apple.product-type.application";
		};
/* End PBXNativeTarget section */

/* Begin PBXProject section */
		59484C591F33A5DA00381B6A /* Project object */ = {
			isa = PBXProject;
			attributes = {
				LastSwiftUpdateCheck = 0900;
				LastUpgradeCheck = 0900;
				ORGANIZATIONNAME = "Sam Symons";
				TargetAttributes = {
					59484C701F33A5EE00381B6A = {
						CreatedOnToolsVersion = 9.0;
					};
					59484C7E1F33A5F700381B6A = {
						CreatedOnToolsVersion = 9.0;
					};
					59484C8E1F33A88000381B6A = {
						CreatedOnToolsVersion = 9.0;
						ProvisioningStyle = Manual;
					};
					59484CA71F33AE5800381B6A = {
						CreatedOnToolsVersion = 9.0;
						ProvisioningStyle = Manual;
					};
				};
			};
			buildConfigurationList = 59484C5C1F33A5DA00381B6A /* Build configuration list for PBXProject "Modules" */;
			compatibilityVersion = "Xcode 8.0";
			developmentRegion = en;
			hasScannedForEncodings = 0;
			knownRegions = (
				en,
				Base,
			);
			mainGroup = 59484C581F33A5DA00381B6A;
			productRefGroup = 59484C631F33A5DA00381B6A /* Products */;
			projectDirPath = "";
			projectRoot = "";
			targets = (
				59484C701F33A5EE00381B6A /* StaticLibraryModule */,
				59484CA71F33AE5800381B6A /* StaticLibraryModuleConsumer */,
				59484C7E1F33A5F700381B6A /* FrameworkModule */,
				59484C8E1F33A88000381B6A /* FrameworkModuleConsumer */,
			);
		};
/* End PBXProject section */

/* Begin PBXResourcesBuildPhase section */
		59484C7D1F33A5F700381B6A /* Resources */ = {
			isa = PBXResourcesBuildPhase;
			buildActionMask = 2147483647;
			files = (
			);
			runOnlyForDeploymentPostprocessing = 0;
		};
		59484C8D1F33A88000381B6A /* Resources */ = {
			isa = PBXResourcesBuildPhase;
			buildActionMask = 2147483647;
			files = (
				59484C9C1F33A88000381B6A /* LaunchScreen.storyboard in Resources */,
				59484C991F33A88000381B6A /* Assets.xcassets in Resources */,
				59484C971F33A88000381B6A /* Main.storyboard in Resources */,
			);
			runOnlyForDeploymentPostprocessing = 0;
		};
		59484CA61F33AE5800381B6A /* Resources */ = {
			isa = PBXResourcesBuildPhase;
			buildActionMask = 2147483647;
			files = (
				59484CB51F33AE5800381B6A /* LaunchScreen.storyboard in Resources */,
				59484CB21F33AE5800381B6A /* Assets.xcassets in Resources */,
				59484CB01F33AE5800381B6A /* Main.storyboard in Resources */,
			);
			runOnlyForDeploymentPostprocessing = 0;
		};
/* End PBXResourcesBuildPhase section */

/* Begin PBXSourcesBuildPhase section */
		59484C6D1F33A5EE00381B6A /* Sources */ = {
			isa = PBXSourcesBuildPhase;
			buildActionMask = 2147483647;
			files = (
				592162B41F33BF5E006BF5C2 /* StaticLibraryNetworkingClass.m in Sources */,
				59484CBF1F33AFAF00381B6A /* StaticLibraryModelClass.m in Sources */,
			);
			runOnlyForDeploymentPostprocessing = 0;
		};
		59484C7A1F33A5F700381B6A /* Sources */ = {
			isa = PBXSourcesBuildPhase;
			buildActionMask = 2147483647;
			files = (
				59484C8A1F33A76500381B6A /* SomeFrameworkClass.m in Sources */,
			);
			runOnlyForDeploymentPostprocessing = 0;
		};
		59484C8B1F33A88000381B6A /* Sources */ = {
			isa = PBXSourcesBuildPhase;
			buildActionMask = 2147483647;
			files = (
				59484C941F33A88000381B6A /* ViewController.swift in Sources */,
				59484C921F33A88000381B6A /* AppDelegate.swift in Sources */,
			);
			runOnlyForDeploymentPostprocessing = 0;
		};
		59484CA41F33AE5800381B6A /* Sources */ = {
			isa = PBXSourcesBuildPhase;
			buildActionMask = 2147483647;
			files = (
				59484CAD1F33AE5800381B6A /* ViewController.swift in Sources */,
				59484CAB1F33AE5800381B6A /* AppDelegate.swift in Sources */,
			);
			runOnlyForDeploymentPostprocessing = 0;
		};
/* End PBXSourcesBuildPhase section */

/* Begin PBXTargetDependency section */
		59484CA21F33A88E00381B6A /* PBXTargetDependency */ = {
			isa = PBXTargetDependency;
			target = 59484C7E1F33A5F700381B6A /* FrameworkModule */;
			targetProxy = 59484CA11F33A88E00381B6A /* PBXContainerItemProxy */;
		};
		59484CBB1F33AE6E00381B6A /* PBXTargetDependency */ = {
			isa = PBXTargetDependency;
			target = 59484C701F33A5EE00381B6A /* StaticLibraryModule */;
			targetProxy = 59484CBA1F33AE6E00381B6A /* PBXContainerItemProxy */;
		};
/* End PBXTargetDependency section */

/* Begin PBXVariantGroup section */
		59484C951F33A88000381B6A /* Main.storyboard */ = {
			isa = PBXVariantGroup;
			children = (
				59484C961F33A88000381B6A /* Base */,
			);
			name = Main.storyboard;
			sourceTree = "<group>";
		};
		59484C9A1F33A88000381B6A /* LaunchScreen.storyboard */ = {
			isa = PBXVariantGroup;
			children = (
				59484C9B1F33A88000381B6A /* Base */,
			);
			name = LaunchScreen.storyboard;
			sourceTree = "<group>";
		};
		59484CAE1F33AE5800381B6A /* Main.storyboard */ = {
			isa = PBXVariantGroup;
			children = (
				59484CAF1F33AE5800381B6A /* Base */,
			);
			name = Main.storyboard;
			sourceTree = "<group>";
		};
		59484CB31F33AE5800381B6A /* LaunchScreen.storyboard */ = {
			isa = PBXVariantGroup;
			children = (
				59484CB41F33AE5800381B6A /* Base */,
			);
			name = LaunchScreen.storyboard;
			sourceTree = "<group>";
		};
/* End PBXVariantGroup section */

/* Begin XCBuildConfiguration section */
		59484C681F33A5DA00381B6A /* Debug */ = {
			isa = XCBuildConfiguration;
			buildSettings = {
				ALWAYS_SEARCH_USER_PATHS = NO;
				CLANG_ANALYZER_NONNULL = YES;
				CLANG_ANALYZER_NUMBER_OBJECT_CONVERSION = YES_AGGRESSIVE;
				CLANG_CXX_LANGUAGE_STANDARD = "gnu++14";
				CLANG_CXX_LIBRARY = "libc++";
				CLANG_ENABLE_MODULES = YES;
				CLANG_ENABLE_OBJC_ARC = YES;
				CLANG_WARN_BLOCK_CAPTURE_AUTORELEASING = YES;
				CLANG_WARN_BOOL_CONVERSION = YES;
				CLANG_WARN_COMMA = YES;
				CLANG_WARN_CONSTANT_CONVERSION = YES;
				CLANG_WARN_DIRECT_OBJC_ISA_USAGE = YES_ERROR;
				CLANG_WARN_DOCUMENTATION_COMMENTS = YES;
				CLANG_WARN_EMPTY_BODY = YES;
				CLANG_WARN_ENUM_CONVERSION = YES;
				CLANG_WARN_INFINITE_RECURSION = YES;
				CLANG_WARN_INT_CONVERSION = YES;
				CLANG_WARN_NON_LITERAL_NULL_CONVERSION = YES;
				CLANG_WARN_OBJC_LITERAL_CONVERSION = YES;
				CLANG_WARN_OBJC_ROOT_CLASS = YES_ERROR;
				CLANG_WARN_RANGE_LOOP_ANALYSIS = YES;
				CLANG_WARN_STRICT_PROTOTYPES = YES;
				CLANG_WARN_SUSPICIOUS_MOVE = YES;
				CLANG_WARN_UNGUARDED_AVAILABILITY = YES_AGGRESSIVE;
				CLANG_WARN_UNREACHABLE_CODE = YES;
				CLANG_WARN__DUPLICATE_METHOD_MATCH = YES;
				CODE_SIGN_IDENTITY = "iPhone Developer";
				COPY_PHASE_STRIP = NO;
				CURRENT_PROJECT_VERSION = 1;
				DEBUG_INFORMATION_FORMAT = dwarf;
				ENABLE_STRICT_OBJC_MSGSEND = YES;
				ENABLE_TESTABILITY = YES;
				GCC_C_LANGUAGE_STANDARD = gnu11;
				GCC_DYNAMIC_NO_PIC = NO;
				GCC_NO_COMMON_BLOCKS = YES;
				GCC_OPTIMIZATION_LEVEL = 0;
				GCC_PREPROCESSOR_DEFINITIONS = (
					"DEBUG=1",
					"$(inherited)",
				);
				GCC_WARN_64_TO_32_BIT_CONVERSION = YES;
				GCC_WARN_ABOUT_RETURN_TYPE = YES_ERROR;
				GCC_WARN_UNDECLARED_SELECTOR = YES;
				GCC_WARN_UNINITIALIZED_AUTOS = YES_AGGRESSIVE;
				GCC_WARN_UNUSED_FUNCTION = YES;
				GCC_WARN_UNUSED_VARIABLE = YES;
				IPHONEOS_DEPLOYMENT_TARGET = 11.0;
				MTL_ENABLE_DEBUG_INFO = YES;
				ONLY_ACTIVE_ARCH = YES;
				SDKROOT = iphoneos;
				VERSIONING_SYSTEM = "apple-generic";
				VERSION_INFO_PREFIX = "";
			};
			name = Debug;
		};
		59484C691F33A5DA00381B6A /* Release */ = {
			isa = XCBuildConfiguration;
			buildSettings = {
				ALWAYS_SEARCH_USER_PATHS = NO;
				CLANG_ANALYZER_NONNULL = YES;
				CLANG_ANALYZER_NUMBER_OBJECT_CONVERSION = YES_AGGRESSIVE;
				CLANG_CXX_LANGUAGE_STANDARD = "gnu++14";
				CLANG_CXX_LIBRARY = "libc++";
				CLANG_ENABLE_MODULES = YES;
				CLANG_ENABLE_OBJC_ARC = YES;
				CLANG_WARN_BLOCK_CAPTURE_AUTORELEASING = YES;
				CLANG_WARN_BOOL_CONVERSION = YES;
				CLANG_WARN_COMMA = YES;
				CLANG_WARN_CONSTANT_CONVERSION = YES;
				CLANG_WARN_DIRECT_OBJC_ISA_USAGE = YES_ERROR;
				CLANG_WARN_DOCUMENTATION_COMMENTS = YES;
				CLANG_WARN_EMPTY_BODY = YES;
				CLANG_WARN_ENUM_CONVERSION = YES;
				CLANG_WARN_INFINITE_RECURSION = YES;
				CLANG_WARN_INT_CONVERSION = YES;
				CLANG_WARN_NON_LITERAL_NULL_CONVERSION = YES;
				CLANG_WARN_OBJC_LITERAL_CONVERSION = YES;
				CLANG_WARN_OBJC_ROOT_CLASS = YES_ERROR;
				CLANG_WARN_RANGE_LOOP_ANALYSIS = YES;
				CLANG_WARN_STRICT_PROTOTYPES = YES;
				CLANG_WARN_SUSPICIOUS_MOVE = YES;
				CLANG_WARN_UNGUARDED_AVAILABILITY = YES_AGGRESSIVE;
				CLANG_WARN_UNREACHABLE_CODE = YES;
				CLANG_WARN__DUPLICATE_METHOD_MATCH = YES;
				CODE_SIGN_IDENTITY = "iPhone Developer";
				COPY_PHASE_STRIP = NO;
				CURRENT_PROJECT_VERSION = 1;
				DEBUG_INFORMATION_FORMAT = "dwarf-with-dsym";
				ENABLE_NS_ASSERTIONS = NO;
				ENABLE_STRICT_OBJC_MSGSEND = YES;
				GCC_C_LANGUAGE_STANDARD = gnu11;
				GCC_NO_COMMON_BLOCKS = YES;
				GCC_WARN_64_TO_32_BIT_CONVERSION = YES;
				GCC_WARN_ABOUT_RETURN_TYPE = YES_ERROR;
				GCC_WARN_UNDECLARED_SELECTOR = YES;
				GCC_WARN_UNINITIALIZED_AUTOS = YES_AGGRESSIVE;
				GCC_WARN_UNUSED_FUNCTION = YES;
				GCC_WARN_UNUSED_VARIABLE = YES;
				IPHONEOS_DEPLOYMENT_TARGET = 11.0;
				MTL_ENABLE_DEBUG_INFO = NO;
				SDKROOT = iphoneos;
				SWIFT_OPTIMIZATION_LEVEL = "-Owholemodule";
				VALIDATE_PRODUCT = YES;
				VERSIONING_SYSTEM = "apple-generic";
				VERSION_INFO_PREFIX = "";
			};
			name = Release;
		};
		59484C781F33A5EE00381B6A /* Debug */ = {
			isa = XCBuildConfiguration;
			buildSettings = {
				DEFINES_MODULE = YES;
				MODULEMAP_FILE = "$(SRCROOT)/StaticLibraryModule/module.modulemap";
				OTHER_LDFLAGS = "-ObjC";
				PRODUCT_NAME = "$(TARGET_NAME)";
				SKIP_INSTALL = YES;
				TARGETED_DEVICE_FAMILY = "1,2";
			};
			name = Debug;
		};
		59484C791F33A5EE00381B6A /* Release */ = {
			isa = XCBuildConfiguration;
			buildSettings = {
				DEFINES_MODULE = YES;
				MODULEMAP_FILE = "$(SRCROOT)/StaticLibraryModule/module.modulemap";
				OTHER_LDFLAGS = "-ObjC";
				PRODUCT_NAME = "$(TARGET_NAME)";
				SKIP_INSTALL = YES;
				TARGETED_DEVICE_FAMILY = "1,2";
			};
			name = Release;
		};
		59484C851F33A5F700381B6A /* Debug */ = {
			isa = XCBuildConfiguration;
			buildSettings = {
				CODE_SIGN_IDENTITY = "";
				DEFINES_MODULE = YES;
				DYLIB_COMPATIBILITY_VERSION = 1;
				DYLIB_CURRENT_VERSION = 1;
				DYLIB_INSTALL_NAME_BASE = "@rpath";
				INFOPLIST_FILE = FrameworkModule/Info.plist;
				INSTALL_PATH = "$(LOCAL_LIBRARY_DIR)/Frameworks";
				LD_RUNPATH_SEARCH_PATHS = "$(inherited) @executable_path/Frameworks @loader_path/Frameworks";
				PRODUCT_BUNDLE_IDENTIFIER = com.samsymons.FrameworkModule;
				PRODUCT_NAME = "$(TARGET_NAME:c99extidentifier)";
				SKIP_INSTALL = YES;
				TARGETED_DEVICE_FAMILY = "1,2";
			};
			name = Debug;
		};
		59484C861F33A5F700381B6A /* Release */ = {
			isa = XCBuildConfiguration;
			buildSettings = {
				CODE_SIGN_IDENTITY = "";
				DEFINES_MODULE = YES;
				DYLIB_COMPATIBILITY_VERSION = 1;
				DYLIB_CURRENT_VERSION = 1;
				DYLIB_INSTALL_NAME_BASE = "@rpath";
				INFOPLIST_FILE = FrameworkModule/Info.plist;
				INSTALL_PATH = "$(LOCAL_LIBRARY_DIR)/Frameworks";
				LD_RUNPATH_SEARCH_PATHS = "$(inherited) @executable_path/Frameworks @loader_path/Frameworks";
				PRODUCT_BUNDLE_IDENTIFIER = com.samsymons.FrameworkModule;
				PRODUCT_NAME = "$(TARGET_NAME:c99extidentifier)";
				SKIP_INSTALL = YES;
				TARGETED_DEVICE_FAMILY = "1,2";
			};
			name = Release;
		};
		59484C9F1F33A88000381B6A /* Debug */ = {
			isa = XCBuildConfiguration;
			buildSettings = {
				ASSETCATALOG_COMPILER_APPICON_NAME = AppIcon;
				DEVELOPMENT_TEAM = "";
				INFOPLIST_FILE = FrameworkModuleConsumer/Info.plist;
				LD_RUNPATH_SEARCH_PATHS = "$(inherited) @executable_path/Frameworks";
				PRODUCT_BUNDLE_IDENTIFIER = com.samsymons.FrameworkModuleConsumer;
				PRODUCT_NAME = "$(TARGET_NAME)";
				PROVISIONING_PROFILE_SPECIFIER = "";
				SWIFT_ACTIVE_COMPILATION_CONDITIONS = DEBUG;
				SWIFT_OPTIMIZATION_LEVEL = "-Onone";
				SWIFT_VERSION = 4.0;
				TARGETED_DEVICE_FAMILY = "1,2";
			};
			name = Debug;
		};
		59484CA01F33A88000381B6A /* Release */ = {
			isa = XCBuildConfiguration;
			buildSettings = {
				ASSETCATALOG_COMPILER_APPICON_NAME = AppIcon;
				DEVELOPMENT_TEAM = "";
				INFOPLIST_FILE = FrameworkModuleConsumer/Info.plist;
				LD_RUNPATH_SEARCH_PATHS = "$(inherited) @executable_path/Frameworks";
				PRODUCT_BUNDLE_IDENTIFIER = com.samsymons.FrameworkModuleConsumer;
				PRODUCT_NAME = "$(TARGET_NAME)";
				PROVISIONING_PROFILE_SPECIFIER = "";
				SWIFT_OPTIMIZATION_LEVEL = "-Owholemodule";
				SWIFT_VERSION = 4.0;
				TARGETED_DEVICE_FAMILY = "1,2";
			};
			name = Release;
		};
		59484CB81F33AE5800381B6A /* Debug */ = {
			isa = XCBuildConfiguration;
			buildSettings = {
				ASSETCATALOG_COMPILER_APPICON_NAME = AppIcon;
				DEVELOPMENT_TEAM = "";
				INFOPLIST_FILE = StaticLibraryModuleConsumer/Info.plist;
				LD_RUNPATH_SEARCH_PATHS = "$(inherited) @executable_path/Frameworks";
				PRODUCT_BUNDLE_IDENTIFIER = com.samsymons.StaticLibraryModuleConsumer;
				PRODUCT_NAME = "$(TARGET_NAME)";
				PROVISIONING_PROFILE_SPECIFIER = "";
				SWIFT_ACTIVE_COMPILATION_CONDITIONS = DEBUG;
				SWIFT_OPTIMIZATION_LEVEL = "-Onone";
				SWIFT_VERSION = 4.0;
				TARGETED_DEVICE_FAMILY = "1,2";
			};
			name = Debug;
		};
		59484CB91F33AE5800381B6A /* Release */ = {
			isa = XCBuildConfiguration;
			buildSettings = {
				ASSETCATALOG_COMPILER_APPICON_NAME = AppIcon;
				DEVELOPMENT_TEAM = "";
				INFOPLIST_FILE = StaticLibraryModuleConsumer/Info.plist;
				LD_RUNPATH_SEARCH_PATHS = "$(inherited) @executable_path/Frameworks";
				PRODUCT_BUNDLE_IDENTIFIER = com.samsymons.StaticLibraryModuleConsumer;
				PRODUCT_NAME = "$(TARGET_NAME)";
				PROVISIONING_PROFILE_SPECIFIER = "";
				SWIFT_OPTIMIZATION_LEVEL = "-Owholemodule";
				SWIFT_VERSION = 4.0;
				TARGETED_DEVICE_FAMILY = "1,2";
			};
			name = Release;
		};
/* End XCBuildConfiguration section */

/* Begin XCConfigurationList section */
		59484C5C1F33A5DA00381B6A /* Build configuration list for PBXProject "Modules" */ = {
			isa = XCConfigurationList;
			buildConfigurations = (
				59484C681F33A5DA00381B6A /* Debug */,
				59484C691F33A5DA00381B6A /* Release */,
			);
			defaultConfigurationIsVisible = 0;
			defaultConfigurationName = Release;
		};
		59484C771F33A5EE00381B6A /* Build configuration list for PBXNativeTarget "StaticLibraryModule" */ = {
			isa = XCConfigurationList;
			buildConfigurations = (
				59484C781F33A5EE00381B6A /* Debug */,
				59484C791F33A5EE00381B6A /* Release */,
			);
			defaultConfigurationIsVisible = 0;
			defaultConfigurationName = Release;
		};
		59484C841F33A5F700381B6A /* Build configuration list for PBXNativeTarget "FrameworkModule" */ = {
			isa = XCConfigurationList;
			buildConfigurations = (
				59484C851F33A5F700381B6A /* Debug */,
				59484C861F33A5F700381B6A /* Release */,
			);
			defaultConfigurationIsVisible = 0;
			defaultConfigurationName = Release;
		};
		59484C9E1F33A88000381B6A /* Build configuration list for PBXNativeTarget "FrameworkModuleConsumer" */ = {
			isa = XCConfigurationList;
			buildConfigurations = (
				59484C9F1F33A88000381B6A /* Debug */,
				59484CA01F33A88000381B6A /* Release */,
			);
			defaultConfigurationIsVisible = 0;
			defaultConfigurationName = Release;
		};
		59484CB71F33AE5800381B6A /* Build configuration list for PBXNativeTarget "StaticLibraryModuleConsumer" */ = {
			isa = XCConfigurationList;
			buildConfigurations = (
				59484CB81F33AE5800381B6A /* Debug */,
				59484CB91F33AE5800381B6A /* Release */,
			);
			defaultConfigurationIsVisible = 0;
			defaultConfigurationName = Release;
		};
/* End XCConfigurationList section */
	};
	rootObject = 59484C591F33A5DA00381B6A /* Project object */;
}
